
Microsoft Visual Studio Solution File, Format Version 12.00
# Visual Studio Version 16
VisualStudioVersion = 16.0.30204.135
MinimumVisualStudioVersion = 10.0.40219.1
Project("{FAE04EC0-301F-11D3-BF4B-00C04F79EFBC}") = "SeleniumWeb", "SeleniumWeb\SeleniumWeb.csproj", "{59A417E4-32A9-47AA-BAC4-65ED2FE7D87D}"
EndProject
Global
	GlobalSection(SolutionConfigurationPlatforms) = preSolution
		Debug|Any CPU = Debug|Any CPU
		Release|Any CPU = Release|Any CPU
	EndGlobalSection
	GlobalSection(ProjectConfigurationPlatforms) = postSolution
		{59A417E4-32A9-47AA-BAC4-65ED2FE7D87D}.Debug|Any CPU.ActiveCfg = Debug|Any CPU
		{59A417E4-32A9-47AA-BAC4-65ED2FE7D87D}.Debug|Any CPU.Build.0 = Debug|Any CPU
		{59A417E4-32A9-47AA-BAC4-65ED2FE7D87D}.Release|Any CPU.ActiveCfg = Release|Any CPU
		{59A417E4-32A9-47AA-BAC4-65ED2FE7D87D}.Release|Any CPU.Build.0 = Release|Any CPU
	EndGlobalSection
	GlobalSection(SolutionProperties) = preSolution
		HideSolutionNode = FALSE
	EndGlobalSection
	GlobalSection(ExtensibilityGlobals) = postSolution
		SolutionGuid = {8AF86A27-6FBB-45FB-A2BF-9C5F2DF47BCA}
	EndGlobalSection
EndGlobal
